
Microsoft Visual Studio Solution File, Format Version 12.00
# Visual Studio Version 17
VisualStudioVersion = 17.0.31903.59
MinimumVisualStudioVersion = 10.0.40219.1
Project("{2150E333-8FDC-42A3-9474-1A3956D46DE8}") = "src", "src", "{827E0CD3-B72D-47B6-A68D-7590B98EB39B}"
EndProject
Project("{2150E333-8FDC-42A3-9474-1A3956D46DE8}") = "API", "API", "{81034408-37C8-1011-444E-4C15C2FADA8E}"
EndProject
Project("{FAE04EC0-301F-11D3-BF4B-00C04F79EFBC}") = "TransactionAggregationAPI.API", "src\API\TransactionAggregationAPI.API.csproj", "{9040EC1B-E702-4E44-A6C9-7E101F3DAC39}"
EndProject
Project("{FAE04EC0-301F-11D3-BF4B-00C04F79EFBC}") = "TransactionAggregationAPI.Application", "src\Application\TransactionAggregationAPI.Application.csproj", "{BE5E81BE-40E4-4E7E-A4B7-177DB006C65B}"
EndProject
Project("{FAE04EC0-301F-11D3-BF4B-00C04F79EFBC}") = "TransactionAggregationAPI.Infrastructure", "src\Infrastructure\TransactionAggregationAPI.Infrastructure.csproj", "{877EE5A6-8A67-4F5C-B110-75C6B72D3172}"
EndProject
Project("{FAE04EC0-301F-11D3-BF4B-00C04F79EFBC}") = "TransactionAggregationAPI.UnitTests", "tests\UnitTests\TransactionAggregationAPI.UnitTests.csproj", "{6DC40AE6-8369-4B7B-9753-50D961091244}"
EndProject
Project("{FAE04EC0-301F-11D3-BF4B-00C04F79EFBC}") = "TransactionAggregationAPI.IntegrationTests", "tests\IntegrationTests\TransactionAggregationAPI.IntegrationTests.csproj", "{DAEEC50D-269D-4574-8290-9C1E1296FA5D}"
EndProject
Project("{2150E333-8FDC-42A3-9474-1A3956D46DE8}") = "Extensions", "Extensions", "{02EA681E-C7D8-13C7-8484-4AC65E1B71E8}"
	ProjectSection(SolutionItems) = preProject
		src\API\Extensions\ServiceCollectionExtensions.cs = src\API\Extensions\ServiceCollectionExtensions.cs
	EndProjectSection
EndProject
Project("{2150E333-8FDC-42A3-9474-1A3956D46DE8}") = "Application", "Application", "{A508F796-6D02-4230-862B-C0F82C96E126}"
EndProject
Project("{2150E333-8FDC-42A3-9474-1A3956D46DE8}") = "Domain", "Domain", "{FDE89C29-6ED4-4215-9C82-45BA2CBA6F54}"
	ProjectSection(SolutionItems) = preProject
		src\Application\Domain\TransactionCategory.cs = src\Application\Domain\TransactionCategory.cs
		src\Application\Domain\UnifiedTransaction.cs = src\Application\Domain\UnifiedTransaction.cs
	EndProjectSection
EndProject
Project("{2150E333-8FDC-42A3-9474-1A3956D46DE8}") = "Interfaces", "Interfaces", "{7B1710FD-A1B6-441A-9777-823CB37DC878}"
	ProjectSection(SolutionItems) = preProject
		src\Application\Interfaces\IAggregationService.cs = src\Application\Interfaces\IAggregationService.cs
		src\Application\Interfaces\ICategorizationService.cs = src\Application\Interfaces\ICategorizationService.cs
		src\Application\Interfaces\ITransactionCacheService.cs = src\Application\Interfaces\ITransactionCacheService.cs
		src\Application\Interfaces\ITransactionRepository.cs = src\Application\Interfaces\ITransactionRepository.cs
		src\Application\Interfaces\ITransactionSource.cs = src\Application\Interfaces\ITransactionSource.cs
	EndProjectSection
EndProject
Project("{2150E333-8FDC-42A3-9474-1A3956D46DE8}") = "Infrastructure", "Infrastructure", "{12FC9AD3-7B53-4091-85F9-477C99FB0D2C}"
EndProject
Project("{2150E333-8FDC-42A3-9474-1A3956D46DE8}") = "Sources", "Sources", "{7603D077-B66A-4DE3-80EC-D80A8BC719FA}"
EndProject
Project("{2150E333-8FDC-42A3-9474-1A3956D46DE8}") = "SourceA", "SourceA", "{6DFD0D2B-A6D3-40FF-9A37-3E51F318600C}"
	ProjectSection(SolutionItems) = preProject
		src\Infrastructure\Sources\SourceA\SourceAAdapter.cs = src\Infrastructure\Sources\SourceA\SourceAAdapter.cs
		src\Infrastructure\Sources\SourceA\SourceATransaction.cs = src\Infrastructure\Sources\SourceA\SourceATransaction.cs
	EndProjectSection
EndProject
Project("{2150E333-8FDC-42A3-9474-1A3956D46DE8}") = "SourceB", "SourceB", "{A097F4CA-9769-4DFC-9DC8-93B4AD432612}"
	ProjectSection(SolutionItems) = preProject
		src\Infrastructure\Sources\SourceB\SourceBAdapter.cs = src\Infrastructure\Sources\SourceB\SourceBAdapter.cs
		src\Infrastructure\Sources\SourceB\SourceBTransaction.cs = src\Infrastructure\Sources\SourceB\SourceBTransaction.cs
	EndProjectSection
EndProject
Project("{2150E333-8FDC-42A3-9474-1A3956D46DE8}") = "SourceC", "SourceC", "{52E971FB-687E-401C-80F0-4152E81C7150}"
	ProjectSection(SolutionItems) = preProject
		src\Infrastructure\Sources\SourceC\SourceCAdapter.cs = src\Infrastructure\Sources\SourceC\SourceCAdapter.cs
		src\Infrastructure\Sources\SourceC\SourceCTransaction.cs = src\Infrastructure\Sources\SourceC\SourceCTransaction.cs
	EndProjectSection
EndProject
Project("{2150E333-8FDC-42A3-9474-1A3956D46DE8}") = "Categorization", "Categorization", "{BC2051C8-484A-4305-9E3D-22D90C8F3144}"
	ProjectSection(SolutionItems) = preProject
		src\Application\Categorization\CategorizationService.cs = src\Application\Categorization\CategorizationService.cs
		src\Application\Categorization\ICategorizationStrategy.cs = src\Application\Categorization\ICategorizationStrategy.cs
		src\Application\Categorization\KeywordCategorizationStrategy.cs = src\Application\Categorization\KeywordCategorizationStrategy.cs
	EndProjectSection
EndProject
Project("{2150E333-8FDC-42A3-9474-1A3956D46DE8}") = "Services", "Services", "{F851BA24-D6FD-468C-9D09-146B541BB8FD}"
	ProjectSection(SolutionItems) = preProject
		src\Application\Services\AggregationService.cs = src\Application\Services\AggregationService.cs
		src\Application\Services\TransactionService.cs = src\Application\Services\TransactionService.cs
	EndProjectSection
EndProject
Project("{2150E333-8FDC-42A3-9474-1A3956D46DE8}") = "Data", "Data", "{B288C6A7-E106-43A5-AF34-F9FEFA80CB95}"
	ProjectSection(SolutionItems) = preProject
		src\Infrastructure\Data\TransactionDbContext.cs = src\Infrastructure\Data\TransactionDbContext.cs
	EndProjectSection
EndProject
Project("{2150E333-8FDC-42A3-9474-1A3956D46DE8}") = "Configurations", "Configurations", "{3DBDAAED-3A62-4B93-9F38-9B322AD00D23}"
	ProjectSection(SolutionItems) = preProject
		src\Infrastructure\Data\Configurations\UnifiedTransactionConfiguration.cs = src\Infrastructure\Data\Configurations\UnifiedTransactionConfiguration.cs
	EndProjectSection
EndProject
Project("{2150E333-8FDC-42A3-9474-1A3956D46DE8}") = "Repositories", "Repositories", "{71F4FD14-9D69-433C-A270-DED0E97859AE}"
	ProjectSection(SolutionItems) = preProject
		src\Infrastructure\Data\Repositories\TransactionRepository.cs = src\Infrastructure\Data\Repositories\TransactionRepository.cs
	EndProjectSection
EndProject
Project("{2150E333-8FDC-42A3-9474-1A3956D46DE8}") = "Cache", "Cache", "{133B9C78-3183-4F37-B7F5-4A319CE3D3EA}"
	ProjectSection(SolutionItems) = preProject
		src\Infrastructure\Cache\RedisCacheService.cs = src\Infrastructure\Cache\RedisCacheService.cs
	EndProjectSection
EndProject
Project("{2150E333-8FDC-42A3-9474-1A3956D46DE8}") = "Middleware", "Middleware", "{1A9BAED4-6E7C-40BA-AE7B-1350EC9B9617}"
	ProjectSection(SolutionItems) = preProject
		src\API\Middleware\ApiKeyAuthMiddleware.cs = src\API\Middleware\ApiKeyAuthMiddleware.cs
		src\API\Middleware\CorrelationIdMiddleware.cs = src\API\Middleware\CorrelationIdMiddleware.cs
		src\API\Middleware\GlobalExceptionMiddleware.cs = src\API\Middleware\GlobalExceptionMiddleware.cs
	EndProjectSection
EndProject
Project("{2150E333-8FDC-42A3-9474-1A3956D46DE8}") = "Controllers", "Controllers", "{A937DDB3-2D60-43D1-98DE-BE8B89AEB1AD}"
	ProjectSection(SolutionItems) = preProject
		src\API\Controllers\AggregationController.cs = src\API\Controllers\AggregationController.cs
		src\API\Controllers\TransactionsController.cs = src\API\Controllers\TransactionsController.cs
	EndProjectSection
EndProject
Project("{2150E333-8FDC-42A3-9474-1A3956D46DE8}") = "Models", "Models", "{F8B199AC-B15C-4127-879C-005B224B0D9E}"
EndProject
Project("{2150E333-8FDC-42A3-9474-1A3956D46DE8}") = "Requests", "Requests", "{76CBE1E5-A028-41E6-85A4-1113DA7600B1}"
	ProjectSection(SolutionItems) = preProject
		src\API\Models\Requests\CreateTransactionRequest.cs = src\API\Models\Requests\CreateTransactionRequest.cs
		src\API\Models\Requests\GetTransactionsRequest.cs = src\API\Models\Requests\GetTransactionsRequest.cs
	EndProjectSection
EndProject
Project("{2150E333-8FDC-42A3-9474-1A3956D46DE8}") = "Responses", "Responses", "{C1884C74-9B6D-4E79-9125-7AD190CE22E4}"
	ProjectSection(SolutionItems) = preProject
		src\API\Models\Responses\AggregationResponse.cs = src\API\Models\Responses\AggregationResponse.cs
		src\API\Models\Responses\PagedResponse.cs = src\API\Models\Responses\PagedResponse.cs
		src\API\Models\Responses\SummaryResponse.cs = src\API\Models\Responses\SummaryResponse.cs
		src\API\Models\Responses\TransactionResponse.cs = src\API\Models\Responses\TransactionResponse.cs
	EndProjectSection
EndProject
Project("{2150E333-8FDC-42A3-9474-1A3956D46DE8}") = "Validators", "Validators", "{9E13BB17-605E-4985-A112-B1B7FB7E9222}"
	ProjectSection(SolutionItems) = preProject
		src\API\Validators\CreateTransactionRequestValidator.cs = src\API\Validators\CreateTransactionRequestValidator.cs
		src\API\Validators\GetTransactionsRequestValidator.cs = src\API\Validators\GetTransactionsRequestValidator.cs
	EndProjectSection
EndProject
Global
	GlobalSection(SolutionConfigurationPlatforms) = preSolution
		Debug|Any CPU = Debug|Any CPU
		Debug|x64 = Debug|x64
		Debug|x86 = Debug|x86
		Release|Any CPU = Release|Any CPU
		Release|x64 = Release|x64
		Release|x86 = Release|x86
	EndGlobalSection
	GlobalSection(ProjectConfigurationPlatforms) = postSolution
		{9040EC1B-E702-4E44-A6C9-7E101F3DAC39}.Debug|Any CPU.ActiveCfg = Debug|Any CPU
		{9040EC1B-E702-4E44-A6C9-7E101F3DAC39}.Debug|Any CPU.Build.0 = Debug|Any CPU
		{9040EC1B-E702-4E44-A6C9-7E101F3DAC39}.Debug|x64.ActiveCfg = Debug|Any CPU
		{9040EC1B-E702-4E44-A6C9-7E101F3DAC39}.Debug|x64.Build.0 = Debug|Any CPU
		{9040EC1B-E702-4E44-A6C9-7E101F3DAC39}.Debug|x86.ActiveCfg = Debug|Any CPU
		{9040EC1B-E702-4E44-A6C9-7E101F3DAC39}.Debug|x86.Build.0 = Debug|Any CPU
		{9040EC1B-E702-4E44-A6C9-7E101F3DAC39}.Release|Any CPU.ActiveCfg = Release|Any CPU
		{9040EC1B-E702-4E44-A6C9-7E101F3DAC39}.Release|Any CPU.Build.0 = Release|Any CPU
		{9040EC1B-E702-4E44-A6C9-7E101F3DAC39}.Release|x64.ActiveCfg = Release|Any CPU
		{9040EC1B-E702-4E44-A6C9-7E101F3DAC39}.Release|x64.Build.0 = Release|Any CPU
		{9040EC1B-E702-4E44-A6C9-7E101F3DAC39}.Release|x86.ActiveCfg = Release|Any CPU
		{9040EC1B-E702-4E44-A6C9-7E101F3DAC39}.Release|x86.Build.0 = Release|Any CPU
		{BE5E81BE-40E4-4E7E-A4B7-177DB006C65B}.Debug|Any CPU.ActiveCfg = Debug|Any CPU
		{BE5E81BE-40E4-4E7E-A4B7-177DB006C65B}.Debug|Any CPU.Build.0 = Debug|Any CPU
		{BE5E81BE-40E4-4E7E-A4B7-177DB006C65B}.Debug|x64.ActiveCfg = Debug|Any CPU
		{BE5E81BE-40E4-4E7E-A4B7-177DB006C65B}.Debug|x64.Build.0 = Debug|Any CPU
		{BE5E81BE-40E4-4E7E-A4B7-177DB006C65B}.Debug|x86.ActiveCfg = Debug|Any CPU
		{BE5E81BE-40E4-4E7E-A4B7-177DB006C65B}.Debug|x86.Build.0 = Debug|Any CPU
		{BE5E81BE-40E4-4E7E-A4B7-177DB006C65B}.Release|Any CPU.ActiveCfg = Release|Any CPU
		{BE5E81BE-40E4-4E7E-A4B7-177DB006C65B}.Release|Any CPU.Build.0 = Release|Any CPU
		{BE5E81BE-40E4-4E7E-A4B7-177DB006C65B}.Release|x64.ActiveCfg = Release|Any CPU
		{BE5E81BE-40E4-4E7E-A4B7-177DB006C65B}.Release|x64.Build.0 = Release|Any CPU
		{BE5E81BE-40E4-4E7E-A4B7-177DB006C65B}.Release|x86.ActiveCfg = Release|Any CPU
		{BE5E81BE-40E4-4E7E-A4B7-177DB006C65B}.Release|x86.Build.0 = Release|Any CPU
		{877EE5A6-8A67-4F5C-B110-75C6B72D3172}.Debug|Any CPU.ActiveCfg = Debug|Any CPU
		{877EE5A6-8A67-4F5C-B110-75C6B72D3172}.Debug|Any CPU.Build.0 = Debug|Any CPU
		{877EE5A6-8A67-4F5C-B110-75C6B72D3172}.Debug|x64.ActiveCfg = Debug|Any CPU
		{877EE5A6-8A67-4F5C-B110-75C6B72D3172}.Debug|x64.Build.0 = Debug|Any CPU
		{877EE5A6-8A67-4F5C-B110-75C6B72D3172}.Debug|x86.ActiveCfg = Debug|Any CPU
		{877EE5A6-8A67-4F5C-B110-75C6B72D3172}.Debug|x86.Build.0 = Debug|Any CPU
		{877EE5A6-8A67-4F5C-B110-75C6B72D3172}.Release|Any CPU.ActiveCfg = Release|Any CPU
		{877EE5A6-8A67-4F5C-B110-75C6B72D3172}.Release|Any CPU.Build.0 = Release|Any CPU
		{877EE5A6-8A67-4F5C-B110-75C6B72D3172}.Release|x64.ActiveCfg = Release|Any CPU
		{877EE5A6-8A67-4F5C-B110-75C6B72D3172}.Release|x64.Build.0 = Release|Any CPU
		{877EE5A6-8A67-4F5C-B110-75C6B72D3172}.Release|x86.ActiveCfg = Release|Any CPU
		{877EE5A6-8A67-4F5C-B110-75C6B72D3172}.Release|x86.Build.0 = Release|Any CPU
		{6DC40AE6-8369-4B7B-9753-50D961091244}.Debug|Any CPU.ActiveCfg = Debug|Any CPU
		{6DC40AE6-8369-4B7B-9753-50D961091244}.Debug|Any CPU.Build.0 = Debug|Any CPU
		{6DC40AE6-8369-4B7B-9753-50D961091244}.Debug|x64.ActiveCfg = Debug|Any CPU
		{6DC40AE6-8369-4B7B-9753-50D961091244}.Debug|x64.Build.0 = Debug|Any CPU
		{6DC40AE6-8369-4B7B-9753-50D961091244}.Debug|x86.ActiveCfg = Debug|Any CPU
		{6DC40AE6-8369-4B7B-9753-50D961091244}.Debug|x86.Build.0 = Debug|Any CPU
		{6DC40AE6-8369-4B7B-9753-50D961091244}.Release|Any CPU.ActiveCfg = Release|Any CPU
		{6DC40AE6-8369-4B7B-9753-50D961091244}.Release|Any CPU.Build.0 = Release|Any CPU
		{6DC40AE6-8369-4B7B-9753-50D961091244}.Release|x64.ActiveCfg = Release|Any CPU
		{6DC40AE6-8369-4B7B-9753-50D961091244}.Release|x64.Build.0 = Release|Any CPU
		{6DC40AE6-8369-4B7B-9753-50D961091244}.Release|x86.ActiveCfg = Release|Any CPU
		{6DC40AE6-8369-4B7B-9753-50D961091244}.Release|x86.Build.0 = Release|Any CPU
		{DAEEC50D-269D-4574-8290-9C1E1296FA5D}.Debug|Any CPU.ActiveCfg = Debug|Any CPU
		{DAEEC50D-269D-4574-8290-9C1E1296FA5D}.Debug|Any CPU.Build.0 = Debug|Any CPU
		{DAEEC50D-269D-4574-8290-9C1E1296FA5D}.Debug|x64.ActiveCfg = Debug|Any CPU
		{DAEEC50D-269D-4574-8290-9C1E1296FA5D}.Debug|x64.Build.0 = Debug|Any CPU
		{DAEEC50D-269D-4574-8290-9C1E1296FA5D}.Debug|x86.ActiveCfg = Debug|Any CPU
		{DAEEC50D-269D-4574-8290-9C1E1296FA5D}.Debug|x86.Build.0 = Debug|Any CPU
		{DAEEC50D-269D-4574-8290-9C1E1296FA5D}.Release|Any CPU.ActiveCfg = Release|Any CPU
		{DAEEC50D-269D-4574-8290-9C1E1296FA5D}.Release|Any CPU.Build.0 = Release|Any CPU
		{DAEEC50D-269D-4574-8290-9C1E1296FA5D}.Release|x64.ActiveCfg = Release|Any CPU
		{DAEEC50D-269D-4574-8290-9C1E1296FA5D}.Release|x64.Build.0 = Release|Any CPU
		{DAEEC50D-269D-4574-8290-9C1E1296FA5D}.Release|x86.ActiveCfg = Release|Any CPU
		{DAEEC50D-269D-4574-8290-9C1E1296FA5D}.Release|x86.Build.0 = Release|Any CPU
	EndGlobalSection
	GlobalSection(SolutionProperties) = preSolution
		HideSolutionNode = FALSE
	EndGlobalSection
	GlobalSection(NestedProjects) = preSolution
		{81034408-37C8-1011-444E-4C15C2FADA8E} = {827E0CD3-B72D-47B6-A68D-7590B98EB39B}
		{9040EC1B-E702-4E44-A6C9-7E101F3DAC39} = {81034408-37C8-1011-444E-4C15C2FADA8E}
		{BE5E81BE-40E4-4E7E-A4B7-177DB006C65B} = {81034408-37C8-1011-444E-4C15C2FADA8E}
		{877EE5A6-8A67-4F5C-B110-75C6B72D3172} = {81034408-37C8-1011-444E-4C15C2FADA8E}
		{6DC40AE6-8369-4B7B-9753-50D961091244} = {81034408-37C8-1011-444E-4C15C2FADA8E}
		{DAEEC50D-269D-4574-8290-9C1E1296FA5D} = {81034408-37C8-1011-444E-4C15C2FADA8E}
		{02EA681E-C7D8-13C7-8484-4AC65E1B71E8} = {81034408-37C8-1011-444E-4C15C2FADA8E}
		{A508F796-6D02-4230-862B-C0F82C96E126} = {827E0CD3-B72D-47B6-A68D-7590B98EB39B}
		{FDE89C29-6ED4-4215-9C82-45BA2CBA6F54} = {A508F796-6D02-4230-862B-C0F82C96E126}
		{7B1710FD-A1B6-441A-9777-823CB37DC878} = {A508F796-6D02-4230-862B-C0F82C96E126}
		{12FC9AD3-7B53-4091-85F9-477C99FB0D2C} = {827E0CD3-B72D-47B6-A68D-7590B98EB39B}
		{7603D077-B66A-4DE3-80EC-D80A8BC719FA} = {12FC9AD3-7B53-4091-85F9-477C99FB0D2C}
		{6DFD0D2B-A6D3-40FF-9A37-3E51F318600C} = {7603D077-B66A-4DE3-80EC-D80A8BC719FA}
		{A097F4CA-9769-4DFC-9DC8-93B4AD432612} = {7603D077-B66A-4DE3-80EC-D80A8BC719FA}
		{52E971FB-687E-401C-80F0-4152E81C7150} = {7603D077-B66A-4DE3-80EC-D80A8BC719FA}
		{BC2051C8-484A-4305-9E3D-22D90C8F3144} = {A508F796-6D02-4230-862B-C0F82C96E126}
		{F851BA24-D6FD-468C-9D09-146B541BB8FD} = {A508F796-6D02-4230-862B-C0F82C96E126}
		{B288C6A7-E106-43A5-AF34-F9FEFA80CB95} = {12FC9AD3-7B53-4091-85F9-477C99FB0D2C}
		{3DBDAAED-3A62-4B93-9F38-9B322AD00D23} = {B288C6A7-E106-43A5-AF34-F9FEFA80CB95}
		{71F4FD14-9D69-433C-A270-DED0E97859AE} = {12FC9AD3-7B53-4091-85F9-477C99FB0D2C}
		{133B9C78-3183-4F37-B7F5-4A319CE3D3EA} = {12FC9AD3-7B53-4091-85F9-477C99FB0D2C}
		{1A9BAED4-6E7C-40BA-AE7B-1350EC9B9617} = {81034408-37C8-1011-444E-4C15C2FADA8E}
		{A937DDB3-2D60-43D1-98DE-BE8B89AEB1AD} = {81034408-37C8-1011-444E-4C15C2FADA8E}
		{F8B199AC-B15C-4127-879C-005B224B0D9E} = {81034408-37C8-1011-444E-4C15C2FADA8E}
		{76CBE1E5-A028-41E6-85A4-1113DA7600B1} = {F8B199AC-B15C-4127-879C-005B224B0D9E}
		{C1884C74-9B6D-4E79-9125-7AD190CE22E4} = {F8B199AC-B15C-4127-879C-005B224B0D9E}
		{9E13BB17-605E-4985-A112-B1B7FB7E9222} = {81034408-37C8-1011-444E-4C15C2FADA8E}
	EndGlobalSection
	GlobalSection(ExtensibilityGlobals) = postSolution
		SolutionGuid = {5EC22A7F-5732-41C6-B59B-ADDA216D88E7}
	EndGlobalSection
EndGlobal
